<?xml version="1.0" encoding="UTF-8" standalone="yes" ?>
<CodeBlocks_project_file>
	<FileVersion major="1" minor="6" />
	<Project>
		<Option title="Mini E-commerce System" />
		<Option pch_mode="2" />
		<Option compiler="gcc" />
		<Build>
			<Target title="Debug">
				<Option output="bin/Debug/Mini E-commerce System" prefix_auto="1" extension_auto="1" />
				<Option object_output="obj/Debug/" />
				<Option type="1" />
				<Option compiler="gcc" />
				<Compiler>
					<Add option="-g" />
				</Compiler>
			</Target>
			<Target title="Release">
				<Option output="bin/Release/Mini E-commerce System" prefix_auto="1" extension_auto="1" />
				<Option object_output="obj/Release/" />
				<Option type="1" />
				<Option compiler="gcc" />
				<Compiler>
					<Add option="-O2" />
				</Compiler>
				<Linker>
					<Add option="-s" />
				</Linker>
			</Target>
		</Build>
		<Compiler>
			<Add option="-Wall" />
			<Add option="-fexceptions" />
			<Add directory="include" />
		</Compiler>
		<Unit filename="include/Admin.h" />
		<Unit filename="include/Cart.h" />
		<Unit filename="include/Customer.h" />
		<Unit filename="include/InventoryManager.h" />
		<Unit filename="include/Product.h">
			<Option target="&lt;{~None~}&gt;" />
		</Unit>
		<Unit filename="include/User.h" />
		<Unit filename="main.cpp" />
		<Unit filename="src/Admin.cpp" />
		<Unit filename="src/Cart.cpp" />
		<Unit filename="src/Customer.cpp" />
		<Unit filename="src/InventoryManager.cpp" />
		<Unit filename="src/Product.cpp" />
		<Unit filename="src/User.cpp" />
		<Extensions>
			<lib_finder disable_auto="1" />
		</Extensions>
	</Project>
</CodeBlocks_project_file>
